
Microsoft Visual Studio Solution File, Format Version 12.00
# Visual Studio Version 17
VisualStudioVersion = 17.7.34221.43
MinimumVisualStudioVersion = 10.0.40219.1
Project("{FAE04EC0-301F-11D3-BF4B-00C04F79EFBC}") = "PhaseEndProj", "PhaseEndProj\PhaseEndProj.csproj", "{275D3770-1351-4039-AA7E-D1DF184628F0}"
EndProject
Global
	GlobalSection(SolutionConfigurationPlatforms) = preSolution
		Debug|Any CPU = Debug|Any CPU
		Release|Any CPU = Release|Any CPU
	EndGlobalSection
	GlobalSection(ProjectConfigurationPlatforms) = postSolution
		{275D3770-1351-4039-AA7E-D1DF184628F0}.Debug|Any CPU.ActiveCfg = Debug|Any CPU
		{275D3770-1351-4039-AA7E-D1DF184628F0}.Debug|Any CPU.Build.0 = Debug|Any CPU
		{275D3770-1351-4039-AA7E-D1DF184628F0}.Release|Any CPU.ActiveCfg = Release|Any CPU
		{275D3770-1351-4039-AA7E-D1DF184628F0}.Release|Any CPU.Build.0 = Release|Any CPU
	EndGlobalSection
	GlobalSection(SolutionProperties) = preSolution
		HideSolutionNode = FALSE
	EndGlobalSection
	GlobalSection(ExtensibilityGlobals) = postSolution
		SolutionGuid = {E2B408AA-AE6A-4572-B327-4B748614C599}
	EndGlobalSection
EndGlobal
